
Microsoft Visual Studio Solution File, Format Version 12.00
# Visual Studio Version 17
VisualStudioVersion = 17.0.31808.319
MinimumVisualStudioVersion = 10.0.40219.1
Project("{FAE04EC0-301F-11D3-BF4B-00C04F79EFBC}") = "ChaseBrowser", "ChaseBrowser\ChaseBrowser.csproj", "{35575614-48B4-4C07-ADC6-46B37E65A970}"
EndProject
Global
	GlobalSection(SolutionConfigurationPlatforms) = preSolution
		Debug|Any CPU = Debug|Any CPU
		Release|Any CPU = Release|Any CPU
	EndGlobalSection
	GlobalSection(ProjectConfigurationPlatforms) = postSolution
		{35575614-48B4-4C07-ADC6-46B37E65A970}.Debug|Any CPU.ActiveCfg = Debug|Any CPU
		{35575614-48B4-4C07-ADC6-46B37E65A970}.Debug|Any CPU.Build.0 = Debug|Any CPU
		{35575614-48B4-4C07-ADC6-46B37E65A970}.Release|Any CPU.ActiveCfg = Release|Any CPU
		{35575614-48B4-4C07-ADC6-46B37E65A970}.Release|Any CPU.Build.0 = Release|Any CPU
	EndGlobalSection
	GlobalSection(SolutionProperties) = preSolution
		HideSolutionNode = FALSE
	EndGlobalSection
	GlobalSection(ExtensibilityGlobals) = postSolution
		SolutionGuid = {A89E240A-E75C-4F5A-939A-40B3463CCFE6}
	EndGlobalSection
EndGlobal
